{
  "name": "valence",
  "version": "1.0.0",
  "lockfileVersion": 1,
  "requires": true,
  "dependencies": {
    "prettier": {
      "version": "2.5.1",
      "resolved": "https://registry.npmjs.org/prettier/-/prettier-2.5.1.tgz",
      "integrity": "sha512-vBZcPRUR5MZJwoyi3ZoyQlc1rXeEck8KgeC9AwwOn+exuxLxq5toTRDTSaVrXHxelDMHy9zlicw8u66yxoSUFg==",
      "dev": true
    },
    "turbo": {
      "version": "1.0.19",
      "resolved": "https://registry.npmjs.org/turbo/-/turbo-1.0.19.tgz",
      "integrity": "sha512-/gdEdpdludyHX+344JQ84bglK33dI4IWTtGkBkfJnSQW+lC3/JFAu9jy+4zNK2gdzxjwcB2/qQK+Pv53SZd1Kw==",
      "dev": true
    }
  }
}
